[[package]]
name = "aiohttp"
version = "3.8.3"
description = "Async http client/server framework (asyncio)"
category = "main"
optional = false
python-versions = ">=3.6"

[package.dependencies]
aiosignal = ">=1.1.2"
async-timeout = ">=4.0.0a3,<5.0"
attrs = ">=17.3.0"
charset-normalizer = ">=2.0,<3.0"
frozenlist = ">=1.1.1"
multidict = ">=4.5,<7.0"
yarl = ">=1.0,<2.0"

[package.extras]
speedups = ["aiodns", "brotli", "cchardet"]

[[package]]
name = "aiosignal"
version = "1.2.0"
description = "aiosignal: a list of registered asynchronous callbacks"
category = "main"
optional = false
python-versions = ">=3.6"

[package.dependencies]
frozenlist = ">=1.1.0"

[[package]]
name = "async-timeout"
version = "4.0.2"
description = "Timeout context manager for asyncio programs"
category = "main"
optional = false
python-versions = ">=3.6"

[[package]]
name = "attrs"
version = "22.1.0"
description = "Classes Without Boilerplate"
category = "main"
optional = false
python-versions = ">=3.5"

[package.extras]
dev = ["coverage[toml] (>=5.0.2)", "hypothesis", "pympler", "pytest (>=4.3.0)", "mypy (>=0.900,!=0.940)", "pytest-mypy-plugins", "zope.interface", "furo", "sphinx", "sphinx-notfound-page", "pre-commit", "cloudpickle"]
docs = ["furo", "sphinx", "zope.interface", "sphinx-notfound-page"]
tests = ["coverage[toml] (>=5.0.2)", "hypothesis", "pympler", "pytest (>=4.3.0)", "mypy (>=0.900,!=0.940)", "pytest-mypy-plugins", "zope.interface", "cloudpickle"]
tests_no_zope = ["coverage[toml] (>=5.0.2)", "hypothesis", "pympler", "pytest (>=4.3.0)", "mypy (>=0.900,!=0.940)", "pytest-mypy-plugins", "cloudpickle"]

[[package]]
name = "autopep8"
version = "1.7.0"
description = "A tool that automatically formats Python code to conform to the PEP 8 style guide"
category = "dev"
optional = false
python-versions = "*"

[package.dependencies]
pycodestyle = ">=2.9.1"
toml = "*"

[[package]]
name = "backoff"
version = "2.2.1"
description = "Function decoration for backoff and retry"
category = "main"
optional = false
python-versions = ">=3.7,<4.0"

[[package]]
name = "certifi"
version = "2022.9.24"
description = "Python package for providing Mozilla's CA Bundle."
category = "main"
optional = false
python-versions = ">=3.6"

[[package]]
name = "cffi"
version = "1.15.1"
description = "Foreign Function Interface for Python calling C code."
category = "main"
optional = false
python-versions = "*"

[package.dependencies]
pycparser = "*"

[[package]]
name = "chardet"
version = "5.0.0"
description = "Universal encoding detector for Python 3"
category = "main"
optional = false
python-versions = ">=3.6"

[[package]]
name = "charset-normalizer"
version = "2.1.1"
description = "The Real First Universal Charset Detector. Open, modern and actively maintained alternative to Chardet."
category = "main"
optional = false
python-versions = ">=3.6.0"

[package.extras]
unicode_backport = ["unicodedata2"]

[[package]]
name = "click"
version = "8.1.3"
description = "Composable command line interface toolkit"
category = "main"
optional = false
python-versions = ">=3.7"

[package.dependencies]
colorama = {version = "*", markers = "platform_system == \"Windows\""}

[[package]]
name = "colorama"
version = "0.4.5"
description = "Cross-platform colored terminal text."
category = "main"
optional = false
python-versions = ">=2.7, !=3.0.*, !=3.1.*, !=3.2.*, !=3.3.*, !=3.4.*"

[[package]]
name = "cryptography"
version = "38.0.2"
description = "cryptography is a package which provides cryptographic recipes and primitives to Python developers."
category = "main"
optional = false
python-versions = ">=3.6"

[package.dependencies]
cffi = ">=1.12"

[package.extras]
docs = ["sphinx (>=1.6.5,!=1.8.0,!=3.1.0,!=3.1.1)", "sphinx-rtd-theme"]
docstest = ["pyenchant (>=1.6.11)", "twine (>=1.12.0)", "sphinxcontrib-spelling (>=4.0.1)"]
pep8test = ["black", "flake8", "flake8-import-order", "pep8-naming"]
sdist = ["setuptools-rust (>=0.11.4)"]
ssh = ["bcrypt (>=3.1.5)"]
test = ["pytest (>=6.2.0)", "pytest-benchmark", "pytest-cov", "pytest-subtests", "pytest-xdist", "pretend", "iso8601", "pytz", "hypothesis (>=1.11.4,!=3.79.2)"]

[[package]]
name = "dataproperty"
version = "0.55.0"
description = "Python library for extract property from data."
category = "main"
optional = false
python-versions = ">=3.6"

[package.dependencies]
mbstrdecoder = ">=1.0.0,<2"
typepy = {version = ">=1.2.0,<2", extras = ["datetime"]}

[package.extras]
logging = ["loguru (>=0.4.1,<1)"]
test = ["pytest (>=6.0.1)", "pytest-md-report (>=0.1)", "termcolor"]

[[package]]
name = "frozenlist"
version = "1.3.1"
description = "A list-like structure which implements collections.abc.MutableSequence"
category = "main"
optional = false
python-versions = ">=3.7"

[[package]]
name = "github3.py"
version = "3.2.0"
description = "Python wrapper for the GitHub API(http://developer.github.com/v3)"
category = "main"
optional = false
python-versions = ">=3.6"

[package.dependencies]
PyJWT = {version = ">=2.3.0", extras = ["crypto"]}
python-dateutil = ">=2.6.0"
requests = ">=2.18"
uritemplate = ">=3.0.0"

[[package]]
name = "gql"
version = "3.4.0"
description = "GraphQL client for Python"
category = "main"
optional = false
python-versions = "*"

[package.dependencies]
backoff = ">=1.11.1,<3.0"
graphql-core = ">=3.2,<3.3"
yarl = ">=1.6,<2.0"

[package.extras]
aiohttp = ["aiohttp (>=3.7.1,<3.9.0)"]
all = ["aiohttp (>=3.7.1,<3.9.0)", "requests (>=2.26,<3)", "requests-toolbelt (>=0.9.1,<1)", "urllib3 (>=1.26)", "botocore (>=1.21,<2)", "websockets (>=9,<10)", "websockets (>=10,<11)"]
botocore = ["botocore (>=1.21,<2)"]
dev = ["aiohttp (>=3.7.1,<3.9.0)", "requests (>=2.26,<3)", "requests-toolbelt (>=0.9.1,<1)", "urllib3 (>=1.26)", "botocore (>=1.21,<2)", "black (==22.3.0)", "check-manifest (>=0.42,<1)", "flake8 (==3.8.1)", "isort (==4.3.21)", "mypy (==0.910)", "sphinx (>=3.0.0,<4)", "sphinx-rtd-theme (>=0.4,<1)", "sphinx-argparse (==0.2.5)", "types-aiofiles", "types-mock", "types-requests", "parse (==1.15.0)", "pytest (==6.2.5)", "pytest-asyncio (==0.16.0)", "pytest-console-scripts (==1.3.1)", "pytest-cov (==3.0.0)", "mock (==4.0.2)", "vcrpy (==4.0.2)", "aiofiles", "websockets (>=9,<10)", "websockets (>=10,<11)"]
requests = ["requests (>=2.26,<3)", "requests-toolbelt (>=0.9.1,<1)", "urllib3 (>=1.26)"]
test = ["aiohttp (>=3.7.1,<3.9.0)", "requests (>=2.26,<3)", "requests-toolbelt (>=0.9.1,<1)", "urllib3 (>=1.26)", "botocore (>=1.21,<2)", "parse (==1.15.0)", "pytest (==6.2.5)", "pytest-asyncio (==0.16.0)", "pytest-console-scripts (==1.3.1)", "pytest-cov (==3.0.0)", "mock (==4.0.2)", "vcrpy (==4.0.2)", "aiofiles", "websockets (>=9,<10)", "websockets (>=10,<11)"]
test_no_transport = ["parse (==1.15.0)", "pytest (==6.2.5)", "pytest-asyncio (==0.16.0)", "pytest-console-scripts (==1.3.1)", "pytest-cov (==3.0.0)", "mock (==4.0.2)", "vcrpy (==4.0.2)", "aiofiles"]
websockets = ["websockets (>=9,<10)", "websockets (>=10,<11)"]

[[package]]
name = "graphql-core"
version = "3.2.3"
description = "GraphQL implementation for Python, a port of GraphQL.js, the JavaScript reference implementation for GraphQL."
category = "main"
optional = false
python-versions = ">=3.6,<4"

[[package]]
name = "idna"
version = "3.4"
description = "Internationalized Domain Names in Applications (IDNA)"
category = "main"
optional = false
python-versions = ">=3.5"

[[package]]
name = "mbstrdecoder"
version = "1.1.1"
description = "multi-byte character string decoder"
category = "main"
optional = false
python-versions = ">=3.6"

[package.dependencies]
chardet = ">=3.0.4,<6"

[package.extras]
test = ["pytest-md-report (>=0.1)", "pytest (>=6.0.1)", "Faker (>=1.0.2)"]

[[package]]
name = "multidict"
version = "6.0.2"
description = "multidict implementation"
category = "main"
optional = false
python-versions = ">=3.7"

[[package]]
name = "packaging"
version = "21.3"
description = "Core utilities for Python packages"
category = "main"
optional = false
python-versions = ">=3.6"

[package.dependencies]
pyparsing = ">=2.0.2,<3.0.5 || >3.0.5"

[[package]]
name = "pathvalidate"
version = "2.5.2"
description = "pathvalidate is a Python library to sanitize/validate a string such as filenames/file-paths/etc."
category = "main"
optional = false
python-versions = ">=3.6"

[package.extras]
test = ["allpairspy", "click", "faker", "pytest (>=6.0.1)", "pytest-discord (>=0.0.6)", "pytest-md-report (>=0.0.12)"]

[[package]]
name = "pycodestyle"
version = "2.9.1"
description = "Python style guide checker"
category = "dev"
optional = false
python-versions = ">=3.6"

[[package]]
name = "pycparser"
version = "2.21"
description = "C parser in Python"
category = "main"
optional = false
python-versions = ">=2.7, !=3.0.*, !=3.1.*, !=3.2.*, !=3.3.*"

[[package]]
name = "pyjwt"
version = "2.5.0"
description = "JSON Web Token implementation in Python"
category = "main"
optional = false
python-versions = ">=3.7"

[package.dependencies]
cryptography = {version = ">=3.3.1", optional = true, markers = "extra == \"crypto\""}
types-cryptography = {version = ">=3.3.21", optional = true, markers = "extra == \"crypto\""}

[package.extras]
crypto = ["cryptography (>=3.3.1)", "types-cryptography (>=3.3.21)"]
dev = ["sphinx (>=4.5.0,<5.0.0)", "sphinx-rtd-theme", "zope.interface", "cryptography (>=3.3.1)", "types-cryptography (>=3.3.21)", "pytest (>=6.0.0,<7.0.0)", "coverage[toml] (==5.0.4)", "pre-commit"]
docs = ["sphinx (>=4.5.0,<5.0.0)", "sphinx-rtd-theme", "zope.interface"]
tests = ["pytest (>=6.0.0,<7.0.0)", "coverage[toml] (==5.0.4)"]

[[package]]
name = "pyparsing"
version = "3.0.9"
description = "pyparsing module - Classes and methods to define and execute parsing grammars"
category = "main"
optional = false
python-versions = ">=3.6.8"

[package.extras]
diagrams = ["railroad-diagrams", "jinja2"]

[[package]]
name = "pytablewriter"
version = "0.64.2"
description = "pytablewriter is a Python library to write a table in various formats: AsciiDoc / CSV / Elasticsearch / HTML / JavaScript / JSON / LaTeX / LDJSON / LTSV / Markdown / MediaWiki / NumPy / Excel / Pandas / Python / reStructuredText / SQLite / TOML / TSV / YAML."
category = "main"
optional = false
python-versions = ">=3.6"

[package.dependencies]
DataProperty = ">=0.55.0,<2"
mbstrdecoder = ">=1.0.0,<2"
pathvalidate = ">=2.3.0,<3"
tabledata = ">=1.3.0,<2"
tcolorpy = ">=0.0.5,<1"
typepy = {version = ">=1.2.0,<2", extras = ["datetime"]}

[package.extras]
all = ["xlwt", "XlsxWriter (>=0.9.6,<4)", "elasticsearch (>=7.0.5,<8)", "pytablereader (>=0.31.3,<2)", "dominate (>=2.1.5,<3)", "loguru (>=0.4.1,<1)", "SimpleSQLite (>=1.1.3,<2)", "pytablewriter-altrow-theme (>=0.0.2,<1)", "toml (>=0.9.3,<1)", "PyYAML (>=3.11,<7)", "simplejson (>=3.8.1,<4)"]
docs = ["sphinx-rtd-theme", "Sphinx (>=2.4)"]
es = ["elasticsearch (>=7.0.5,<8)"]
es7 = ["elasticsearch (>=7.0.5,<8)"]
excel = ["xlwt", "XlsxWriter (>=0.9.6,<4)"]
from = ["pytablereader (>=0.31.3,<2)"]
html = ["dominate (>=2.1.5,<3)"]
logging = ["loguru (>=0.4.1,<1)"]
sqlite = ["SimpleSQLite (>=1.1.3,<2)"]
test = ["pytest (>=6.0.1)", "pytablereader (>=0.31.3,<2)", "idna (<3)", "xlwt", "pytablewriter-altrow-theme (>=0.0.2,<1)", "loguru (>=0.4.1,<1)", "pytest-md-report (>=0.1)", "beautifulsoup4 (>=4.10)", "XlsxWriter (>=0.9.6,<4)", "tablib (>=3.2.0)", "elasticsearch (>=7.0.5,<8)", "dominate (>=2.1.5,<3)", "PyYAML (>=3.11,<7)", "simplejson (>=3.8.1,<4)", "sqliteschema (>=1.3.0)", "pytablereader[sqlite,excel] (>=0.31.3)", "toml (>=0.9.3,<1)", "SimpleSQLite (>=1.1.3,<2)"]
theme = ["pytablewriter-altrow-theme (>=0.0.2,<1)"]
toml = ["toml (>=0.9.3,<1)"]
yaml = ["PyYAML (>=3.11,<7)"]

[[package]]
name = "python-dateutil"
version = "2.8.2"
description = "Extensions to the standard Python datetime module"
category = "main"
optional = false
python-versions = "!=3.0.*,!=3.1.*,!=3.2.*,>=2.7"

[package.dependencies]
six = ">=1.5"

[[package]]
name = "pytz"
version = "2022.4"
description = "World timezone definitions, modern and historical"
category = "main"
optional = false
python-versions = "*"

[[package]]
name = "requests"
version = "2.28.1"
description = "Python HTTP for Humans."
category = "main"
optional = false
python-versions = ">=3.7, <4"

[package.dependencies]
certifi = ">=2017.4.17"
charset-normalizer = ">=2,<3"
idna = ">=2.5,<4"
urllib3 = ">=1.21.1,<1.27"

[package.extras]
socks = ["PySocks (>=1.5.6,!=1.5.7)"]
use_chardet_on_py3 = ["chardet (>=3.0.2,<6)"]

[[package]]
name = "six"
version = "1.16.0"
description = "Python 2 and 3 compatibility utilities"
category = "main"
optional = false
python-versions = ">=2.7, !=3.0.*, !=3.1.*, !=3.2.*"

[[package]]
name = "tabledata"
version = "1.3.0"
description = "tabledata is a Python library to represent tabular data. Used for pytablewriter/pytablereader/SimpleSQLite."
category = "main"
optional = false
python-versions = ">=3.6"

[package.dependencies]
DataProperty = ">=0.53.0,<2"
typepy = ">=1.2.0,<2"

[package.extras]
test = ["pytest", "pytablewriter (>=0.46)"]
logging = ["loguru (>=0.4.1,<1)"]

[[package]]
name = "tcolorpy"
version = "0.1.2"
description = "tcolopy is a Python library to apply true color for terminal text."
category = "main"
optional = false
python-versions = ">=3.6"

[package.extras]
test = ["pytest-md-report (>=0.1)", "pytest"]

[[package]]
name = "toml"
version = "0.10.2"
description = "Python Library for Tom's Obvious, Minimal Language"
category = "dev"
optional = false
python-versions = ">=2.6, !=3.0.*, !=3.1.*, !=3.2.*"

[[package]]
name = "typepy"
version = "1.3.0"
description = "typepy is a Python library for variable type checker/validator/converter at a run time."
category = "main"
optional = false
python-versions = ">=3.6"

[package.dependencies]
mbstrdecoder = ">=1.0.0,<2"
packaging = {version = "*", optional = true, markers = "extra == \"datetime\""}
python-dateutil = {version = ">=2.8.0,<3.0.0", optional = true, markers = "extra == \"datetime\""}
pytz = {version = ">=2018.9", optional = true, markers = "extra == \"datetime\""}

[package.extras]
datetime = ["python-dateutil (>=2.8.0,<3.0.0)", "pytz (>=2018.9)", "packaging"]
test = ["pytest (>=6.0.1)", "tcolorpy", "python-dateutil (>=2.8.0,<3.0.0)", "pytz (>=2018.9)", "packaging"]

[[package]]
name = "types-cryptography"
version = "3.3.23.1"
description = "Typing stubs for cryptography"
category = "main"
optional = false
python-versions = "*"

[[package]]
name = "uritemplate"
version = "4.1.1"
description = "Implementation of RFC 6570 URI Templates"
category = "main"
optional = false
python-versions = ">=3.6"

[[package]]
name = "urllib3"
version = "1.26.12"
description = "HTTP library with thread-safe connection pooling, file post, and more."
category = "main"
optional = false
python-versions = ">=2.7, !=3.0.*, !=3.1.*, !=3.2.*, !=3.3.*, !=3.4.*, !=3.5.*, <4"

[package.extras]
brotli = ["brotlicffi (>=0.8.0)", "brotli (>=1.0.9)", "brotlipy (>=0.6.0)"]
secure = ["pyOpenSSL (>=0.14)", "cryptography (>=1.3.4)", "idna (>=2.0.0)", "certifi", "urllib3-secure-extra", "ipaddress"]
socks = ["PySocks (>=1.5.6,!=1.5.7,<2.0)"]

[[package]]
name = "yarl"
version = "1.8.1"
description = "Yet another URL library"
category = "main"
optional = false
python-versions = ">=3.7"

[package.dependencies]
idna = ">=2.0"
multidict = ">=4.0"

[metadata]
lock-version = "1.1"
python-versions = "^3.10"
content-hash = "084bdaeeda54aedf964a0467fdef013ddcbde9c009b6f1ad90663f47c31243a4"

[metadata.files]
aiohttp = []
aiosignal = []
async-timeout = []
attrs = []
autopep8 = []
backoff = []
certifi = []
cffi = []
chardet = []
charset-normalizer = []
click = [
    {file = "click-8.1.3-py3-none-any.whl", hash = "sha256:bb4d8133cb15a609f44e8213d9b391b0809795062913b383c62be0ee95b1db48"},
    {file = "click-8.1.3.tar.gz", hash = "sha256:7682dc8afb30297001674575ea00d1814d808d6a36af415a82bd481d37ba7b8e"},
]
colorama = [
    {file = "colorama-0.4.5-py2.py3-none-any.whl", hash = "sha256:854bf444933e37f5824ae7bfc1e98d5bce2ebe4160d46b5edf346a89358e99da"},
    {file = "colorama-0.4.5.tar.gz", hash = "sha256:e6c6b4334fc50988a639d9b98aa429a0b57da6e17b9a44f0451f930b6967b7a4"},
]
cryptography = []
dataproperty = []
frozenlist = []
"github3.py" = []
gql = []
graphql-core = []
idna = []
mbstrdecoder = []
multidict = []
packaging = [
    {file = "packaging-21.3-py3-none-any.whl", hash = "sha256:ef103e05f519cdc783ae24ea4e2e0f508a9c99b2d4969652eed6a2e1ea5bd522"},
    {file = "packaging-21.3.tar.gz", hash = "sha256:dd47c42927d89ab911e606518907cc2d3a1f38bbd026385970643f9c5b8ecfeb"},
]
pathvalidate = []
pycodestyle = []
pycparser = []
pyjwt = []
pyparsing = []
pytablewriter = []
python-dateutil = [
    {file = "python-dateutil-2.8.2.tar.gz", hash = "sha256:0123cacc1627ae19ddf3c27a5de5bd67ee4586fbdd6440d9748f8abb483d3e86"},
    {file = "python_dateutil-2.8.2-py2.py3-none-any.whl", hash = "sha256:961d03dc3453ebbc59dbdea9e4e11c5651520a876d0f4db161e8674aae935da9"},
]
pytz = []
requests = []
six = [
    {file = "six-1.16.0-py2.py3-none-any.whl", hash = "sha256:8abb2f1d86890a2dfb989f9a77cfcfd3e47c2a354b01111771326f8aa26e0254"},
    {file = "six-1.16.0.tar.gz", hash = "sha256:1e61c37477a1626458e36f7b1d82aa5c9b094fa4802892072e49de9c60c4c926"},
]
tabledata = []
tcolorpy = []
toml = [
    {file = "toml-0.10.2-py2.py3-none-any.whl", hash = "sha256:806143ae5bfb6a3c6e736a764057db0e6a0e05e338b5630894a5f779cabb4f9b"},
    {file = "toml-0.10.2.tar.gz", hash = "sha256:b3bda1d108d5dd99f4a20d24d9c348e91c4db7ab1b749200bded2f839ccbe68f"},
]
typepy = [
    {file = "typepy-1.3.0-py3-none-any.whl", hash = "sha256:cf1913982969cf6348152c4a5feec08e324addd99670999e57cdb3ad87a61e9a"},
    {file = "typepy-1.3.0.tar.gz", hash = "sha256:96788530614083164993d1443959f6c58e6bb8e2da839812ddf462c203e4b84c"},
]
types-cryptography = []
uritemplate = []
urllib3 = []
yarl = []
